
Microsoft Visual Studio Solution File, Format Version 12.00
# Visual Studio 15
VisualStudioVersion = 15.0.27428.2005
MinimumVisualStudioVersion = 10.0.40219.1
Project("{8BC9CEB8-8B4A-11D0-8D11-00A0C91BC942}") = "HaWei20180808", "HaWei20180808\HaWei20180808.vcxproj", "{320B268D-CCF0-4C8B-9BE6-5781B72E910A}"
EndProject
Project("{8BC9CEB8-8B4A-11D0-8D11-00A0C91BC942}") = "Project1", "Project1\Project1.vcxproj", "{C89D58CA-3F46-4B16-BD3C-3F669AF69BA6}"
EndProject
Project("{8BC9CEB8-8B4A-11D0-8D11-00A0C91BC942}") = "Project2", "Project2\Project2.vcxproj", "{01A292DB-0DBD-42B2-8DD3-E4AA56F53949}"
EndProject
Project("{8BC9CEB8-8B4A-11D0-8D11-00A0C91BC942}") = "Project3", "Project3\Project3.vcxproj", "{AAF8A7FB-0E46-4635-89BE-DF764FB915D3}"
EndProject
Global
	GlobalSection(SolutionConfigurationPlatforms) = preSolution
		Debug|x64 = Debug|x64
		Debug|x86 = Debug|x86
		Release|x64 = Release|x64
		Release|x86 = Release|x86
	EndGlobalSection
	GlobalSection(ProjectConfigurationPlatforms) = postSolution
		{320B268D-CCF0-4C8B-9BE6-5781B72E910A}.Debug|x64.ActiveCfg = Debug|x64
		{320B268D-CCF0-4C8B-9BE6-5781B72E910A}.Debug|x64.Build.0 = Debug|x64
		{320B268D-CCF0-4C8B-9BE6-5781B72E910A}.Debug|x86.ActiveCfg = Debug|Win32
		{320B268D-CCF0-4C8B-9BE6-5781B72E910A}.Debug|x86.Build.0 = Debug|Win32
		{320B268D-CCF0-4C8B-9BE6-5781B72E910A}.Release|x64.ActiveCfg = Release|x64
		{320B268D-CCF0-4C8B-9BE6-5781B72E910A}.Release|x64.Build.0 = Release|x64
		{320B268D-CCF0-4C8B-9BE6-5781B72E910A}.Release|x86.ActiveCfg = Release|Win32
		{320B268D-CCF0-4C8B-9BE6-5781B72E910A}.Release|x86.Build.0 = Release|Win32
		{C89D58CA-3F46-4B16-BD3C-3F669AF69BA6}.Debug|x64.ActiveCfg = Debug|x64
		{C89D58CA-3F46-4B16-BD3C-3F669AF69BA6}.Debug|x64.Build.0 = Debug|x64
		{C89D58CA-3F46-4B16-BD3C-3F669AF69BA6}.Debug|x86.ActiveCfg = Debug|Win32
		{C89D58CA-3F46-4B16-BD3C-3F669AF69BA6}.Debug|x86.Build.0 = Debug|Win32
		{C89D58CA-3F46-4B16-BD3C-3F669AF69BA6}.Release|x64.ActiveCfg = Release|x64
		{C89D58CA-3F46-4B16-BD3C-3F669AF69BA6}.Release|x64.Build.0 = Release|x64
		{C89D58CA-3F46-4B16-BD3C-3F669AF69BA6}.Release|x86.ActiveCfg = Release|Win32
		{C89D58CA-3F46-4B16-BD3C-3F669AF69BA6}.Release|x86.Build.0 = Release|Win32
		{01A292DB-0DBD-42B2-8DD3-E4AA56F53949}.Debug|x64.ActiveCfg = Debug|x64
		{01A292DB-0DBD-42B2-8DD3-E4AA56F53949}.Debug|x64.Build.0 = Debug|x64
		{01A292DB-0DBD-42B2-8DD3-E4AA56F53949}.Debug|x86.ActiveCfg = Debug|Win32
		{01A292DB-0DBD-42B2-8DD3-E4AA56F53949}.Debug|x86.Build.0 = Debug|Win32
		{01A292DB-0DBD-42B2-8DD3-E4AA56F53949}.Release|x64.ActiveCfg = Release|x64
		{01A292DB-0DBD-42B2-8DD3-E4AA56F53949}.Release|x64.Build.0 = Release|x64
		{01A292DB-0DBD-42B2-8DD3-E4AA56F53949}.Release|x86.ActiveCfg = Release|Win32
		{01A292DB-0DBD-42B2-8DD3-E4AA56F53949}.Release|x86.Build.0 = Release|Win32
		{AAF8A7FB-0E46-4635-89BE-DF764FB915D3}.Debug|x64.ActiveCfg = Debug|x64
		{AAF8A7FB-0E46-4635-89BE-DF764FB915D3}.Debug|x64.Build.0 = Debug|x64
		{AAF8A7FB-0E46-4635-89BE-DF764FB915D3}.Debug|x86.ActiveCfg = Debug|Win32
		{AAF8A7FB-0E46-4635-89BE-DF764FB915D3}.Debug|x86.Build.0 = Debug|Win32
		{AAF8A7FB-0E46-4635-89BE-DF764FB915D3}.Release|x64.ActiveCfg = Release|x64
		{AAF8A7FB-0E46-4635-89BE-DF764FB915D3}.Release|x64.Build.0 = Release|x64
		{AAF8A7FB-0E46-4635-89BE-DF764FB915D3}.Release|x86.ActiveCfg = Release|Win32
		{AAF8A7FB-0E46-4635-89BE-DF764FB915D3}.Release|x86.Build.0 = Release|Win32
	EndGlobalSection
	GlobalSection(SolutionProperties) = preSolution
		HideSolutionNode = FALSE
	EndGlobalSection
	GlobalSection(ExtensibilityGlobals) = postSolution
		SolutionGuid = {ADC27F09-8D04-4A5F-B6D0-8BDFDB77BB53}
	EndGlobalSection
EndGlobal
